
Microsoft Visual Studio Solution File, Format Version 12.00
# Visual Studio Version 17
VisualStudioVersion = 17.13.35828.75 d17.13
MinimumVisualStudioVersion = 10.0.40219.1
Project("{FAE04EC0-301F-11D3-BF4B-00C04F79EFBC}") = "simpleLoginWindows", "simpleLoginWindows\simpleLoginWindows.csproj", "{01407500-0A5E-4046-BBC0-728BED62A71F}"
EndProject
Global
	GlobalSection(SolutionConfigurationPlatforms) = preSolution
		Debug|Any CPU = Debug|Any CPU
		Release|Any CPU = Release|Any CPU
	EndGlobalSection
	GlobalSection(ProjectConfigurationPlatforms) = postSolution
		{01407500-0A5E-4046-BBC0-728BED62A71F}.Debug|Any CPU.ActiveCfg = Debug|Any CPU
		{01407500-0A5E-4046-BBC0-728BED62A71F}.Debug|Any CPU.Build.0 = Debug|Any CPU
		{01407500-0A5E-4046-BBC0-728BED62A71F}.Release|Any CPU.ActiveCfg = Release|Any CPU
		{01407500-0A5E-4046-BBC0-728BED62A71F}.Release|Any CPU.Build.0 = Release|Any CPU
	EndGlobalSection
	GlobalSection(SolutionProperties) = preSolution
		HideSolutionNode = FALSE
	EndGlobalSection
	GlobalSection(ExtensibilityGlobals) = postSolution
		SolutionGuid = {A619FA70-C70C-45D0-906E-A41A8A337504}
	EndGlobalSection
EndGlobal
